
Microsoft Visual Studio Solution File, Format Version 12.00
# Visual Studio Version 17
VisualStudioVersion = 17.5.33516.290
MinimumVisualStudioVersion = 10.0.40219.1
Project("{FAE04EC0-301F-11D3-BF4B-00C04F79EFBC}") = "ImageConverter", "ImageConverter\ImageConverter.csproj", "{7945BCA1-05D5-41C2-A97D-E24D2C154794}"
EndProject
Global
	GlobalSection(SolutionConfigurationPlatforms) = preSolution
		Debug|Any CPU = Debug|Any CPU
		Release|Any CPU = Release|Any CPU
	EndGlobalSection
	GlobalSection(ProjectConfigurationPlatforms) = postSolution
		{7945BCA1-05D5-41C2-A97D-E24D2C154794}.Debug|Any CPU.ActiveCfg = Debug|Any CPU
		{7945BCA1-05D5-41C2-A97D-E24D2C154794}.Debug|Any CPU.Build.0 = Debug|Any CPU
		{7945BCA1-05D5-41C2-A97D-E24D2C154794}.Release|Any CPU.ActiveCfg = Release|Any CPU
		{7945BCA1-05D5-41C2-A97D-E24D2C154794}.Release|Any CPU.Build.0 = Release|Any CPU
	EndGlobalSection
	GlobalSection(SolutionProperties) = preSolution
		HideSolutionNode = FALSE
	EndGlobalSection
	GlobalSection(ExtensibilityGlobals) = postSolution
		SolutionGuid = {EEF8E2BD-7AFE-4C99-B2FE-438FE718CEF7}
	EndGlobalSection
EndGlobal
